// !$*UTF8*$!
{
	archiveVersion = 1;
	classes = {
	};
	objectVersion = 46;
	objects = {

/* Begin PBXBuildFile section */
		98EB80F11C9B6B3600CBC4F6 /* AppDelegate.swift in Sources */ = {isa = PBXBuildFile; fileRef = 98EB80F01C9B6B3600CBC4F6 /* AppDelegate.swift */; };
		98EB80F31C9B6B3600CBC4F6 /* ViewController.swift in Sources */ = {isa = PBXBuildFile; fileRef = 98EB80F21C9B6B3600CBC4F6 /* ViewController.swift */; };
		98EB80F61C9B6B3600CBC4F6 /* Main.storyboard in Resources */ = {isa = PBXBuildFile; fileRef = 98EB80F41C9B6B3600CBC4F6 /* Main.storyboard */; };
		98EB80F81C9B6B3600CBC4F6 /* Assets.xcassets in Resources */ = {isa = PBXBuildFile; fileRef = 98EB80F71C9B6B3600CBC4F6 /* Assets.xcassets */; };
		98EB80FB1C9B6B3600CBC4F6 /* LaunchScreen.storyboard in Resources */ = {isa = PBXBuildFile; fileRef = 98EB80F91C9B6B3600CBC4F6 /* LaunchScreen.storyboard */; };
		98F36A971C9E4FC9002E5E74 /* Play.swift in Sources */ = {isa = PBXBuildFile; fileRef = 98F36A961C9E4FC9002E5E74 /* Play.swift */; };
/* End PBXBuildFile section */

/* Begin PBXFileReference section */
		98EB80ED1C9B6B3600CBC4F6 /* MyRoShamBo.app */ = {isa = PBXFileReference; explicitFileType = wrapper.application; includeInIndex = 0; path = MyRoShamBo.app; sourceTree = BUILT_PRODUCTS_DIR; };
		98EB80F01C9B6B3600CBC4F6 /* AppDelegate.swift */ = {isa = PBXFileReference; lastKnownFileType = sourcecode.swift; path = AppDelegate.swift; sourceTree = "<group>"; };
		98EB80F21C9B6B3600CBC4F6 /* ViewController.swift */ = {isa = PBXFileReference; lastKnownFileType = sourcecode.swift; path = ViewController.swift; sourceTree = "<group>"; };
		98EB80F51C9B6B3600CBC4F6 /* Base */ = {isa = PBXFileReference; lastKnownFileType = file.storyboard; name = Base; path = Base.lproj/Main.storyboard; sourceTree = "<group>"; };
		98EB80F71C9B6B3600CBC4F6 /* Assets.xcassets */ = {isa = PBXFileReference; lastKnownFileType = folder.assetcatalog; path = Assets.xcassets; sourceTree = "<group>"; };
		98EB80FA1C9B6B3600CBC4F6 /* Base */ = {isa = PBXFileReference; lastKnownFileType = file.storyboard; name = Base; path = Base.lproj/LaunchScreen.storyboard; sourceTree = "<group>"; };
		98EB80FC1C9B6B3600CBC4F6 /* Info.plist */ = {isa = PBXFileReference; lastKnownFileType = text.plist.xml; path = Info.plist; sourceTree = "<group>"; };
		98F36A961C9E4FC9002E5E74 /* Play.swift */ = {isa = PBXFileReference; fileEncoding = 4; lastKnownFileType = sourcecode.swift; path = Play.swift; sourceTree = "<group>"; };
/* End PBXFileReference section */

/* Begin PBXFrameworksBuildPhase section */
		98EB80EA1C9B6B3600CBC4F6 /* Frameworks */ = {
			isa = PBXFrameworksBuildPhase;
			buildActionMask = 2147483647;
			files = (
			);
			runOnlyForDeploymentPostprocessing = 0;
		};
/* End PBXFrameworksBuildPhase section */

/* Begin PBXGroup section */
		98EB80E41C9B6B3600CBC4F6 = {
			isa = PBXGroup;
			children = (
				98F36A961C9E4FC9002E5E74 /* Play.swift */,
				98EB80EF1C9B6B3600CBC4F6 /* MyRoShamBo */,
				98EB80EE1C9B6B3600CBC4F6 /* Products */,
			);
			sourceTree = "<group>";
		};
		98EB80EE1C9B6B3600CBC4F6 /* Products */ = {
			isa = PBXGroup;
			children = (
				98EB80ED1C9B6B3600CBC4F6 /* MyRoShamBo.app */,
			);
			name = Products;
			sourceTree = "<group>";
		};
		98EB80EF1C9B6B3600CBC4F6 /* MyRoShamBo */ = {
			isa = PBXGroup;
			children = (
				98EB80F01C9B6B3600CBC4F6 /* AppDelegate.swift */,
				98EB80F21C9B6B3600CBC4F6 /* ViewController.swift */,
				98EB80F41C9B6B3600CBC4F6 /* Main.storyboard */,
				98EB80F71C9B6B3600CBC4F6 /* Assets.xcassets */,
				98EB80F91C9B6B3600CBC4F6 /* LaunchScreen.storyboard */,
				98EB80FC1C9B6B3600CBC4F6 /* Info.plist */,
			);
			path = MyRoShamBo;
			sourceTree = "<group>";
		};
/* End PBXGroup section */

/* Begin PBXNativeTarget section */
		98EB80EC1C9B6B3600CBC4F6 /* MyRoShamBo */ = {
			isa = PBXNativeTarget;
			buildConfigurationList = 98EB80FF1C9B6B3600CBC4F6 /* Build configuration list for PBXNativeTarget "MyRoShamBo" */;
			buildPhases = (
				98EB80E91C9B6B3600CBC4F6 /* Sources */,
				98EB80EA1C9B6B3600CBC4F6 /* Frameworks */,
				98EB80EB1C9B6B3600CBC4F6 /* Resources */,
			);
			buildRules = (
			);
			dependencies = (
			);
			name = MyRoShamBo;
			productName = MyRoShamBo;
			productReference = 98EB80ED1C9B6B3600CBC4F6 /* MyRoShamBo.app */;
			productType = "com.apple.product-type.application";
		};
/* End PBXNativeTarget section */

/* Begin PBXProject section */
		98EB80E51C9B6B3600CBC4F6 /* Project object */ = {
			isa = PBXProject;
			attributes = {
				LastSwiftUpdateCheck = 0720;
				LastUpgradeCheck = 0720;
				ORGANIZATIONNAME = "Jack Ngai";
				TargetAttributes = {
					98EB80EC1C9B6B3600CBC4F6 = {
						CreatedOnToolsVersion = 7.2.1;
					};
				};
			};
			buildConfigurationList = 98EB80E81C9B6B3600CBC4F6 /* Build configuration list for PBXProject "MyRoShamBo" */;
			compatibilityVersion = "Xcode 3.2";
			developmentRegion = English;
			hasScannedForEncodings = 0;
			knownRegions = (
				en,
				Base,
			);
			mainGroup = 98EB80E41C9B6B3600CBC4F6;
			productRefGroup = 98EB80EE1C9B6B3600CBC4F6 /* Products */;
			projectDirPath = "";
			projectRoot = "";
			targets = (
				98EB80EC1C9B6B3600CBC4F6 /* MyRoShamBo */,
			);
		};
/* End PBXProject section */

/* Begin PBXResourcesBuildPhase section */
		98EB80EB1C9B6B3600CBC4F6 /* Resources */ = {
			isa = PBXResourcesBuildPhase;
			buildActionMask = 2147483647;
			files = (
				98EB80FB1C9B6B3600CBC4F6 /* LaunchScreen.storyboard in Resources */,
				98EB80F81C9B6B3600CBC4F6 /* Assets.xcassets in Resources */,
				98EB80F61C9B6B3600CBC4F6 /* Main.storyboard in Resources */,
			);
			runOnlyForDeploymentPostprocessing = 0;
		};
/* End PBXResourcesBuildPhase section */

/* Begin PBXSourcesBuildPhase section */
		98EB80E91C9B6B3600CBC4F6 /* Sources */ = {
			isa = PBXSourcesBuildPhase;
			buildActionMask = 2147483647;
			files = (
				98EB80F31C9B6B3600CBC4F6 /* ViewController.swift in Sources */,
				98EB80F11C9B6B3600CBC4F6 /* AppDelegate.swift in Sources */,
				98F36A971C9E4FC9002E5E74 /* Play.swift in Sources */,
			);
			runOnlyForDeploymentPostprocessing = 0;
		};
/* End PBXSourcesBuildPhase section */

/* Begin PBXVariantGroup section */
		98EB80F41C9B6B3600CBC4F6 /* Main.storyboard */ = {
			isa = PBXVariantGroup;
			children = (
				98EB80F51C9B6B3600CBC4F6 /* Base */,
			);
			name = Main.storyboard;
			sourceTree = "<group>";
		};
		98EB80F91C9B6B3600CBC4F6 /* LaunchScreen.storyboard */ = {
			isa = PBXVariantGroup;
			children = (
				98EB80FA1C9B6B3600CBC4F6 /* Base */,
			);
			name = LaunchScreen.storyboard;
			sourceTree = "<group>";
		};
/* End PBXVariantGroup section */

/* Begin XCBuildConfiguration section */
		98EB80FD1C9B6B3600CBC4F6 /* Debug */ = {
			isa = XCBuildConfiguration;
			buildSettings = {
				ALWAYS_SEARCH_USER_PATHS = NO;
				CLANG_CXX_LANGUAGE_STANDARD = "gnu++0x";
				CLANG_CXX_LIBRARY = "libc++";
				CLANG_ENABLE_MODULES = YES;
				CLANG_ENABLE_OBJC_ARC = YES;
				CLANG_WARN_BOOL_CONVERSION = YES;
				CLANG_WARN_CONSTANT_CONVERSION = YES;
				CLANG_WARN_DIRECT_OBJC_ISA_USAGE = YES_ERROR;
				CLANG_WARN_EMPTY_BODY = YES;
				CLANG_WARN_ENUM_CONVERSION = YES;
				CLANG_WARN_INT_CONVERSION = YES;
				CLANG_WARN_OBJC_ROOT_CLASS = YES_ERROR;
				CLANG_WARN_UNREACHABLE_CODE = YES;
				CLANG_WARN__DUPLICATE_METHOD_MATCH = YES;
				"CODE_SIGN_IDENTITY[sdk=iphoneos*]" = "iPhone Developer";
				COPY_PHASE_STRIP = NO;
				DEBUG_INFORMATION_FORMAT = dwarf;
				ENABLE_STRICT_OBJC_MSGSEND = YES;
				ENABLE_TESTABILITY = YES;
				GCC_C_LANGUAGE_STANDARD = gnu99;
				GCC_DYNAMIC_NO_PIC = NO;
				GCC_NO_COMMON_BLOCKS = YES;
				GCC_OPTIMIZATION_LEVEL = 0;
				GCC_PREPROCESSOR_DEFINITIONS = (
					"DEBUG=1",
					"$(inherited)",
				);
				GCC_WARN_64_TO_32_BIT_CONVERSION = YES;
				GCC_WARN_ABOUT_RETURN_TYPE = YES_ERROR;
				GCC_WARN_UNDECLARED_SELECTOR = YES;
				GCC_WARN_UNINITIALIZED_AUTOS = YES_AGGRESSIVE;
				GCC_WARN_UNUSED_FUNCTION = YES;
				GCC_WARN_UNUSED_VARIABLE = YES;
				IPHONEOS_DEPLOYMENT_TARGET = 9.2;
				MTL_ENABLE_DEBUG_INFO = YES;
				ONLY_ACTIVE_ARCH = YES;
				SDKROOT = iphoneos;
				SWIFT_OPTIMIZATION_LEVEL = "-Onone";
			};
			name = Debug;
		};
		98EB80FE1C9B6B3600CBC4F6 /* Release */ = {
			isa = XCBuildConfiguration;
			buildSettings = {
				ALWAYS_SEARCH_USER_PATHS = NO;
				CLANG_CXX_LANGUAGE_STANDARD = "gnu++0x";
				CLANG_CXX_LIBRARY = "libc++";
				CLANG_ENABLE_MODULES = YES;
				CLANG_ENABLE_OBJC_ARC = YES;
				CLANG_WARN_BOOL_CONVERSION = YES;
				CLANG_WARN_CONSTANT_CONVERSION = YES;
				CLANG_WARN_DIRECT_OBJC_ISA_USAGE = YES_ERROR;
				CLANG_WARN_EMPTY_BODY = YES;
				CLANG_WARN_ENUM_CONVERSION = YES;
				CLANG_WARN_INT_CONVERSION = YES;
				CLANG_WARN_OBJC_ROOT_CLASS = YES_ERROR;
				CLANG_WARN_UNREACHABLE_CODE = YES;
				CLANG_WARN__DUPLICATE_METHOD_MATCH = YES;
				"CODE_SIGN_IDENTITY[sdk=iphoneos*]" = "iPhone Developer";
				COPY_PHASE_STRIP = NO;
				DEBUG_INFORMATION_FORMAT = "dwarf-with-dsym";
				ENABLE_NS_ASSERTIONS = NO;
				ENABLE_STRICT_OBJC_MSGSEND = YES;
				GCC_C_LANGUAGE_STANDARD = gnu99;
				GCC_NO_COMMON_BLOCKS = YES;
				GCC_WARN_64_TO_32_BIT_CONVERSION = YES;
				GCC_WARN_ABOUT_RETURN_TYPE = YES_ERROR;
				GCC_WARN_UNDECLARED_SELECTOR = YES;
				GCC_WARN_UNINITIALIZED_AUTOS = YES_AGGRESSIVE;
				GCC_WARN_UNUSED_FUNCTION = YES;
				GCC_WARN_UNUSED_VARIABLE = YES;
				IPHONEOS_DEPLOYMENT_TARGET = 9.2;
				MTL_ENABLE_DEBUG_INFO = NO;
				SDKROOT = iphoneos;
				VALIDATE_PRODUCT = YES;
			};
			name = Release;
		};
		98EB81001C9B6B3600CBC4F6 /* Debug */ = {
			isa = XCBuildConfiguration;
			buildSettings = {
				ASSETCATALOG_COMPILER_APPICON_NAME = AppIcon;
				INFOPLIST_FILE = MyRoShamBo/Info.plist;
				LD_RUNPATH_SEARCH_PATHS = "$(inherited) @executable_path/Frameworks";
				PRODUCT_BUNDLE_IDENTIFIER = com.jackngai.MyRoShamBo;
				PRODUCT_NAME = "$(TARGET_NAME)";
			};
			name = Debug;
		};
		98EB81011C9B6B3600CBC4F6 /* Release */ = {
			isa = XCBuildConfiguration;
			buildSettings = {
				ASSETCATALOG_COMPILER_APPICON_NAME = AppIcon;
				INFOPLIST_FILE = MyRoShamBo/Info.plist;
				LD_RUNPATH_SEARCH_PATHS = "$(inherited) @executable_path/Frameworks";
				PRODUCT_BUNDLE_IDENTIFIER = com.jackngai.MyRoShamBo;
				PRODUCT_NAME = "$(TARGET_NAME)";
			};
			name = Release;
		};
/* End XCBuildConfiguration section */

/* Begin XCConfigurationList section */
		98EB80E81C9B6B3600CBC4F6 /* Build configuration list for PBXProject "MyRoShamBo" */ = {
			isa = XCConfigurationList;
			buildConfigurations = (
				98EB80FD1C9B6B3600CBC4F6 /* Debug */,
				98EB80FE1C9B6B3600CBC4F6 /* Release */,
			);
			defaultConfigurationIsVisible = 0;
			defaultConfigurationName = Release;
		};
		98EB80FF1C9B6B3600CBC4F6 /* Build configuration list for PBXNativeTarget "MyRoShamBo" */ = {
			isa = XCConfigurationList;
			buildConfigurations = (
				98EB81001C9B6B3600CBC4F6 /* Debug */,
				98EB81011C9B6B3600CBC4F6 /* Release */,
			);
			defaultConfigurationIsVisible = 0;
			defaultConfigurationName = Release;
		};
/* End XCConfigurationList section */
	};
	rootObject = 98EB80E51C9B6B3600CBC4F6 /* Project object */;
}
